
Microsoft Visual Studio Solution File, Format Version 12.00
# Visual Studio 14
VisualStudioVersion = 14.0.25420.1
MinimumVisualStudioVersion = 10.0.40219.1
Project("{FAE04EC0-301F-11D3-BF4B-00C04F79EFBC}") = "Coordinates", "Coordinates\Coordinates.csproj", "{171E1244-AAEC-4CB1-88FC-EE84C0D2D9B7}"
EndProject
Project("{FAE04EC0-301F-11D3-BF4B-00C04F79EFBC}") = "MyGenerics", "MyGenerics\MyGenerics.csproj", "{0F7571B2-3DAB-4DCE-9C6B-8BDCB0704B80}"
EndProject
Project("{FAE04EC0-301F-11D3-BF4B-00C04F79EFBC}") = "Matrices", "Matrices\Matrices.csproj", "{D1FB5291-3D3A-48FA-8ACD-9F7F4967AF02}"
EndProject
Project("{FAE04EC0-301F-11D3-BF4B-00C04F79EFBC}") = "VersionAttribute", "VersionAttribute\VersionAttribute.csproj", "{8B91AE2A-D73E-4E14-AF75-6911EDE1DC53}"
EndProject
Global
	GlobalSection(SolutionConfigurationPlatforms) = preSolution
		Debug|Any CPU = Debug|Any CPU
		Release|Any CPU = Release|Any CPU
	EndGlobalSection
	GlobalSection(ProjectConfigurationPlatforms) = postSolution
		{171E1244-AAEC-4CB1-88FC-EE84C0D2D9B7}.Debug|Any CPU.ActiveCfg = Debug|Any CPU
		{171E1244-AAEC-4CB1-88FC-EE84C0D2D9B7}.Debug|Any CPU.Build.0 = Debug|Any CPU
		{171E1244-AAEC-4CB1-88FC-EE84C0D2D9B7}.Release|Any CPU.ActiveCfg = Release|Any CPU
		{171E1244-AAEC-4CB1-88FC-EE84C0D2D9B7}.Release|Any CPU.Build.0 = Release|Any CPU
		{0F7571B2-3DAB-4DCE-9C6B-8BDCB0704B80}.Debug|Any CPU.ActiveCfg = Debug|Any CPU
		{0F7571B2-3DAB-4DCE-9C6B-8BDCB0704B80}.Debug|Any CPU.Build.0 = Debug|Any CPU
		{0F7571B2-3DAB-4DCE-9C6B-8BDCB0704B80}.Release|Any CPU.ActiveCfg = Release|Any CPU
		{0F7571B2-3DAB-4DCE-9C6B-8BDCB0704B80}.Release|Any CPU.Build.0 = Release|Any CPU
		{D1FB5291-3D3A-48FA-8ACD-9F7F4967AF02}.Debug|Any CPU.ActiveCfg = Debug|Any CPU
		{D1FB5291-3D3A-48FA-8ACD-9F7F4967AF02}.Debug|Any CPU.Build.0 = Debug|Any CPU
		{D1FB5291-3D3A-48FA-8ACD-9F7F4967AF02}.Release|Any CPU.ActiveCfg = Release|Any CPU
		{D1FB5291-3D3A-48FA-8ACD-9F7F4967AF02}.Release|Any CPU.Build.0 = Release|Any CPU
		{8B91AE2A-D73E-4E14-AF75-6911EDE1DC53}.Debug|Any CPU.ActiveCfg = Debug|Any CPU
		{8B91AE2A-D73E-4E14-AF75-6911EDE1DC53}.Debug|Any CPU.Build.0 = Debug|Any CPU
		{8B91AE2A-D73E-4E14-AF75-6911EDE1DC53}.Release|Any CPU.ActiveCfg = Release|Any CPU
		{8B91AE2A-D73E-4E14-AF75-6911EDE1DC53}.Release|Any CPU.Build.0 = Release|Any CPU
	EndGlobalSection
	GlobalSection(SolutionProperties) = preSolution
		HideSolutionNode = FALSE
	EndGlobalSection
EndGlobal
