
Microsoft Visual Studio Solution File, Format Version 12.00
# Visual Studio 14
VisualStudioVersion = 14.0.25420.1
MinimumVisualStudioVersion = 10.0.40219.1
Project("{FAE04EC0-301F-11D3-BF4B-00C04F79EFBC}") = "1-3.StudentClass", "1-3.StudentClass\1-3.StudentClass.csproj", "{46777C5E-7DA9-4472-9104-32BD50FCE1EA}"
EndProject
Project("{FAE04EC0-301F-11D3-BF4B-00C04F79EFBC}") = "PersonClass", "PersonClass\PersonClass.csproj", "{15910DC7-0C55-4F0C-9D66-1FC758759F1B}"
EndProject
Project("{FAE04EC0-301F-11D3-BF4B-00C04F79EFBC}") = "64BitArray", "64BitArray\64BitArray.csproj", "{38128086-C9E5-492F-BB89-BAFCA554C0AA}"
EndProject
Global
	GlobalSection(SolutionConfigurationPlatforms) = preSolution
		Debug|Any CPU = Debug|Any CPU
		Release|Any CPU = Release|Any CPU
	EndGlobalSection
	GlobalSection(ProjectConfigurationPlatforms) = postSolution
		{46777C5E-7DA9-4472-9104-32BD50FCE1EA}.Debug|Any CPU.ActiveCfg = Debug|Any CPU
		{46777C5E-7DA9-4472-9104-32BD50FCE1EA}.Debug|Any CPU.Build.0 = Debug|Any CPU
		{46777C5E-7DA9-4472-9104-32BD50FCE1EA}.Release|Any CPU.ActiveCfg = Release|Any CPU
		{46777C5E-7DA9-4472-9104-32BD50FCE1EA}.Release|Any CPU.Build.0 = Release|Any CPU
		{15910DC7-0C55-4F0C-9D66-1FC758759F1B}.Debug|Any CPU.ActiveCfg = Debug|Any CPU
		{15910DC7-0C55-4F0C-9D66-1FC758759F1B}.Debug|Any CPU.Build.0 = Debug|Any CPU
		{15910DC7-0C55-4F0C-9D66-1FC758759F1B}.Release|Any CPU.ActiveCfg = Release|Any CPU
		{15910DC7-0C55-4F0C-9D66-1FC758759F1B}.Release|Any CPU.Build.0 = Release|Any CPU
		{38128086-C9E5-492F-BB89-BAFCA554C0AA}.Debug|Any CPU.ActiveCfg = Debug|Any CPU
		{38128086-C9E5-492F-BB89-BAFCA554C0AA}.Debug|Any CPU.Build.0 = Debug|Any CPU
		{38128086-C9E5-492F-BB89-BAFCA554C0AA}.Release|Any CPU.ActiveCfg = Release|Any CPU
		{38128086-C9E5-492F-BB89-BAFCA554C0AA}.Release|Any CPU.Build.0 = Release|Any CPU
	EndGlobalSection
	GlobalSection(SolutionProperties) = preSolution
		HideSolutionNode = FALSE
	EndGlobalSection
EndGlobal
