
Microsoft Visual Studio Solution File, Format Version 12.00
# Visual Studio 14
VisualStudioVersion = 14.0.25420.1
MinimumVisualStudioVersion = 10.0.40219.1
Project("{FAE04EC0-301F-11D3-BF4B-00C04F79EFBC}") = "Messages", "Messages\Messages.csproj", "{0EF7D496-8310-4559-893D-DFE8A2D3A7E9}"
EndProject
Project("{FAE04EC0-301F-11D3-BF4B-00C04F79EFBC}") = "BitShiftMatrix", "BitShiftMatrix\BitShiftMatrix.csproj", "{3201347F-62E4-414D-88A3-962E6F6E61F8}"
EndProject
Global
	GlobalSection(SolutionConfigurationPlatforms) = preSolution
		Debug|Any CPU = Debug|Any CPU
		Release|Any CPU = Release|Any CPU
	EndGlobalSection
	GlobalSection(ProjectConfigurationPlatforms) = postSolution
		{0EF7D496-8310-4559-893D-DFE8A2D3A7E9}.Debug|Any CPU.ActiveCfg = Debug|Any CPU
		{0EF7D496-8310-4559-893D-DFE8A2D3A7E9}.Debug|Any CPU.Build.0 = Debug|Any CPU
		{0EF7D496-8310-4559-893D-DFE8A2D3A7E9}.Release|Any CPU.ActiveCfg = Release|Any CPU
		{0EF7D496-8310-4559-893D-DFE8A2D3A7E9}.Release|Any CPU.Build.0 = Release|Any CPU
		{3201347F-62E4-414D-88A3-962E6F6E61F8}.Debug|Any CPU.ActiveCfg = Debug|Any CPU
		{3201347F-62E4-414D-88A3-962E6F6E61F8}.Debug|Any CPU.Build.0 = Debug|Any CPU
		{3201347F-62E4-414D-88A3-962E6F6E61F8}.Release|Any CPU.ActiveCfg = Release|Any CPU
		{3201347F-62E4-414D-88A3-962E6F6E61F8}.Release|Any CPU.Build.0 = Release|Any CPU
	EndGlobalSection
	GlobalSection(SolutionProperties) = preSolution
		HideSolutionNode = FALSE
	EndGlobalSection
EndGlobal
