
Microsoft Visual Studio Solution File, Format Version 12.00
# Visual Studio 14
VisualStudioVersion = 14.0.25420.1
MinimumVisualStudioVersion = 10.0.40219.1
Project("{FAE04EC0-301F-11D3-BF4B-00C04F79EFBC}") = "DeclareVariables", "DeclareVariables\DeclareVariables.csproj", "{DD638DD7-9DCA-47AB-9952-E04871C82084}"
EndProject
Project("{FAE04EC0-301F-11D3-BF4B-00C04F79EFBC}") = "FloatOrDouble", "FloatOrDouble\FloatOrDouble.csproj", "{353129E7-FC73-4075-A48E-1199139F1963}"
EndProject
Project("{FAE04EC0-301F-11D3-BF4B-00C04F79EFBC}") = "VariableInHexadecimalFormat", "VariableInHexadecimalFormat\VariableInHexadecimalFormat.csproj", "{5D174DAB-5AC0-408D-8F03-62CCF90647B6}"
EndProject
Project("{FAE04EC0-301F-11D3-BF4B-00C04F79EFBC}") = "UnicodeCharacter", "UnicodeCharacter\UnicodeCharacter.csproj", "{50F13B22-AEC3-4A66-935C-67953742E61D}"
EndProject
Project("{FAE04EC0-301F-11D3-BF4B-00C04F79EFBC}") = "BooleanVariable", "BooleanVariable\BooleanVariable.csproj", "{998D754D-2321-4FF7-A614-E719AF192343}"
EndProject
Project("{FAE04EC0-301F-11D3-BF4B-00C04F79EFBC}") = "StringsAndObjects", "StringsAndObjects\StringsAndObjects.csproj", "{FC8C9B44-84C7-4FA4-8718-903FC2E8EA77}"
EndProject
Project("{FAE04EC0-301F-11D3-BF4B-00C04F79EFBC}") = "QuotesInStrings", "QuotesInStrings\QuotesInStrings.csproj", "{C32E7721-BB5E-4C56-87E0-F336C061F7EA}"
EndProject
Project("{FAE04EC0-301F-11D3-BF4B-00C04F79EFBC}") = "IsoscelesTriangles", "IsoscelesTriangles\IsoscelesTriangles.csproj", "{8ED9B061-DAD2-4F40-9E33-7E7D0A6553BE}"
EndProject
Project("{FAE04EC0-301F-11D3-BF4B-00C04F79EFBC}") = "ExchangeVariableValues", "ExchangeVariableValues\ExchangeVariableValues.csproj", "{F77BC380-D162-495D-AFC8-18D18A96C9E1}"
EndProject
Project("{FAE04EC0-301F-11D3-BF4B-00C04F79EFBC}") = "EmployeeData", "EmployeeData\EmployeeData.csproj", "{8691CECE-B834-42A2-8365-F7C4C5BC9522}"
EndProject
Project("{FAE04EC0-301F-11D3-BF4B-00C04F79EFBC}") = "BankAccountData", "BankAccountData\BankAccountData.csproj", "{0C673F2E-2BDC-40F0-B5FD-E869396C22B4}"
EndProject
Project("{FAE04EC0-301F-11D3-BF4B-00C04F79EFBC}") = "NullValuesArithmetic", "NullValuesArithmetic\NullValuesArithmetic.csproj", "{EF80952D-C687-4DFF-8D2F-0E10C6D9E59A}"
EndProject
Project("{FAE04EC0-301F-11D3-BF4B-00C04F79EFBC}") = "ComparingFloats", "ComparingFloats\ComparingFloats.csproj", "{0D09871E-64FE-4C55-9EAB-76D3C6C7B253}"
EndProject
Project("{FAE04EC0-301F-11D3-BF4B-00C04F79EFBC}") = "PrintTheAsciiTable", "PrintTheAsciiTable\PrintTheAsciiTable.csproj", "{B03339C3-6C3A-421A-96FB-3A4F232C2C8C}"
EndProject
Global
	GlobalSection(SolutionConfigurationPlatforms) = preSolution
		Debug|Any CPU = Debug|Any CPU
		Release|Any CPU = Release|Any CPU
	EndGlobalSection
	GlobalSection(ProjectConfigurationPlatforms) = postSolution
		{DD638DD7-9DCA-47AB-9952-E04871C82084}.Debug|Any CPU.ActiveCfg = Debug|Any CPU
		{DD638DD7-9DCA-47AB-9952-E04871C82084}.Debug|Any CPU.Build.0 = Debug|Any CPU
		{DD638DD7-9DCA-47AB-9952-E04871C82084}.Release|Any CPU.ActiveCfg = Release|Any CPU
		{DD638DD7-9DCA-47AB-9952-E04871C82084}.Release|Any CPU.Build.0 = Release|Any CPU
		{353129E7-FC73-4075-A48E-1199139F1963}.Debug|Any CPU.ActiveCfg = Debug|Any CPU
		{353129E7-FC73-4075-A48E-1199139F1963}.Debug|Any CPU.Build.0 = Debug|Any CPU
		{353129E7-FC73-4075-A48E-1199139F1963}.Release|Any CPU.ActiveCfg = Release|Any CPU
		{353129E7-FC73-4075-A48E-1199139F1963}.Release|Any CPU.Build.0 = Release|Any CPU
		{5D174DAB-5AC0-408D-8F03-62CCF90647B6}.Debug|Any CPU.ActiveCfg = Debug|Any CPU
		{5D174DAB-5AC0-408D-8F03-62CCF90647B6}.Debug|Any CPU.Build.0 = Debug|Any CPU
		{5D174DAB-5AC0-408D-8F03-62CCF90647B6}.Release|Any CPU.ActiveCfg = Release|Any CPU
		{5D174DAB-5AC0-408D-8F03-62CCF90647B6}.Release|Any CPU.Build.0 = Release|Any CPU
		{50F13B22-AEC3-4A66-935C-67953742E61D}.Debug|Any CPU.ActiveCfg = Debug|Any CPU
		{50F13B22-AEC3-4A66-935C-67953742E61D}.Debug|Any CPU.Build.0 = Debug|Any CPU
		{50F13B22-AEC3-4A66-935C-67953742E61D}.Release|Any CPU.ActiveCfg = Release|Any CPU
		{50F13B22-AEC3-4A66-935C-67953742E61D}.Release|Any CPU.Build.0 = Release|Any CPU
		{998D754D-2321-4FF7-A614-E719AF192343}.Debug|Any CPU.ActiveCfg = Debug|Any CPU
		{998D754D-2321-4FF7-A614-E719AF192343}.Debug|Any CPU.Build.0 = Debug|Any CPU
		{998D754D-2321-4FF7-A614-E719AF192343}.Release|Any CPU.ActiveCfg = Release|Any CPU
		{998D754D-2321-4FF7-A614-E719AF192343}.Release|Any CPU.Build.0 = Release|Any CPU
		{FC8C9B44-84C7-4FA4-8718-903FC2E8EA77}.Debug|Any CPU.ActiveCfg = Debug|Any CPU
		{FC8C9B44-84C7-4FA4-8718-903FC2E8EA77}.Debug|Any CPU.Build.0 = Debug|Any CPU
		{FC8C9B44-84C7-4FA4-8718-903FC2E8EA77}.Release|Any CPU.ActiveCfg = Release|Any CPU
		{FC8C9B44-84C7-4FA4-8718-903FC2E8EA77}.Release|Any CPU.Build.0 = Release|Any CPU
		{C32E7721-BB5E-4C56-87E0-F336C061F7EA}.Debug|Any CPU.ActiveCfg = Debug|Any CPU
		{C32E7721-BB5E-4C56-87E0-F336C061F7EA}.Debug|Any CPU.Build.0 = Debug|Any CPU
		{C32E7721-BB5E-4C56-87E0-F336C061F7EA}.Release|Any CPU.ActiveCfg = Release|Any CPU
		{C32E7721-BB5E-4C56-87E0-F336C061F7EA}.Release|Any CPU.Build.0 = Release|Any CPU
		{8ED9B061-DAD2-4F40-9E33-7E7D0A6553BE}.Debug|Any CPU.ActiveCfg = Debug|Any CPU
		{8ED9B061-DAD2-4F40-9E33-7E7D0A6553BE}.Debug|Any CPU.Build.0 = Debug|Any CPU
		{8ED9B061-DAD2-4F40-9E33-7E7D0A6553BE}.Release|Any CPU.ActiveCfg = Release|Any CPU
		{8ED9B061-DAD2-4F40-9E33-7E7D0A6553BE}.Release|Any CPU.Build.0 = Release|Any CPU
		{F77BC380-D162-495D-AFC8-18D18A96C9E1}.Debug|Any CPU.ActiveCfg = Debug|Any CPU
		{F77BC380-D162-495D-AFC8-18D18A96C9E1}.Debug|Any CPU.Build.0 = Debug|Any CPU
		{F77BC380-D162-495D-AFC8-18D18A96C9E1}.Release|Any CPU.ActiveCfg = Release|Any CPU
		{F77BC380-D162-495D-AFC8-18D18A96C9E1}.Release|Any CPU.Build.0 = Release|Any CPU
		{8691CECE-B834-42A2-8365-F7C4C5BC9522}.Debug|Any CPU.ActiveCfg = Debug|Any CPU
		{8691CECE-B834-42A2-8365-F7C4C5BC9522}.Debug|Any CPU.Build.0 = Debug|Any CPU
		{8691CECE-B834-42A2-8365-F7C4C5BC9522}.Release|Any CPU.ActiveCfg = Release|Any CPU
		{8691CECE-B834-42A2-8365-F7C4C5BC9522}.Release|Any CPU.Build.0 = Release|Any CPU
		{0C673F2E-2BDC-40F0-B5FD-E869396C22B4}.Debug|Any CPU.ActiveCfg = Debug|Any CPU
		{0C673F2E-2BDC-40F0-B5FD-E869396C22B4}.Debug|Any CPU.Build.0 = Debug|Any CPU
		{0C673F2E-2BDC-40F0-B5FD-E869396C22B4}.Release|Any CPU.ActiveCfg = Release|Any CPU
		{0C673F2E-2BDC-40F0-B5FD-E869396C22B4}.Release|Any CPU.Build.0 = Release|Any CPU
		{EF80952D-C687-4DFF-8D2F-0E10C6D9E59A}.Debug|Any CPU.ActiveCfg = Debug|Any CPU
		{EF80952D-C687-4DFF-8D2F-0E10C6D9E59A}.Debug|Any CPU.Build.0 = Debug|Any CPU
		{EF80952D-C687-4DFF-8D2F-0E10C6D9E59A}.Release|Any CPU.ActiveCfg = Release|Any CPU
		{EF80952D-C687-4DFF-8D2F-0E10C6D9E59A}.Release|Any CPU.Build.0 = Release|Any CPU
		{0D09871E-64FE-4C55-9EAB-76D3C6C7B253}.Debug|Any CPU.ActiveCfg = Debug|Any CPU
		{0D09871E-64FE-4C55-9EAB-76D3C6C7B253}.Debug|Any CPU.Build.0 = Debug|Any CPU
		{0D09871E-64FE-4C55-9EAB-76D3C6C7B253}.Release|Any CPU.ActiveCfg = Release|Any CPU
		{0D09871E-64FE-4C55-9EAB-76D3C6C7B253}.Release|Any CPU.Build.0 = Release|Any CPU
		{B03339C3-6C3A-421A-96FB-3A4F232C2C8C}.Debug|Any CPU.ActiveCfg = Debug|Any CPU
		{B03339C3-6C3A-421A-96FB-3A4F232C2C8C}.Debug|Any CPU.Build.0 = Debug|Any CPU
		{B03339C3-6C3A-421A-96FB-3A4F232C2C8C}.Release|Any CPU.ActiveCfg = Release|Any CPU
		{B03339C3-6C3A-421A-96FB-3A4F232C2C8C}.Release|Any CPU.Build.0 = Release|Any CPU
	EndGlobalSection
	GlobalSection(SolutionProperties) = preSolution
		HideSolutionNode = FALSE
	EndGlobalSection
EndGlobal
