
Microsoft Visual Studio Solution File, Format Version 12.00
# Visual Studio 14
VisualStudioVersion = 14.0.25420.1
MinimumVisualStudioVersion = 10.0.40219.1
Project("{FAE04EC0-301F-11D3-BF4B-00C04F79EFBC}") = "Hello-World", "Hello-World\Hello-World.csproj", "{5440D4CA-EA8D-47CE-8E69-2196E4DF022A}"
EndProject
Project("{FAE04EC0-301F-11D3-BF4B-00C04F79EFBC}") = "PrintMyName", "PrintMyName\PrintMyName.csproj", "{036C6B7A-045F-4FEB-9C6F-3C23593FE186}"
EndProject
Project("{FAE04EC0-301F-11D3-BF4B-00C04F79EFBC}") = "PrintNumbers", "PrintNumbers\PrintNumbers.csproj", "{4C678657-EF08-4F01-9857-CD1F9EE6BA70}"
EndProject
Project("{FAE04EC0-301F-11D3-BF4B-00C04F79EFBC}") = "PrintFIrstAndLastName", "PrintFIrstAndLastName\PrintFIrstAndLastName.csproj", "{16CAAA28-6743-4FAB-A62B-392A9B408F85}"
EndProject
Project("{FAE04EC0-301F-11D3-BF4B-00C04F79EFBC}") = "SquareRoot", "SquareRoot\SquareRoot.csproj", "{95BE42A0-9EC5-4581-881A-A2CF59BF1C52}"
EndProject
Project("{FAE04EC0-301F-11D3-BF4B-00C04F79EFBC}") = "PrintSequence", "PrintSequence\PrintSequence.csproj", "{AC592C6D-1572-48EC-AB04-D3CBD94E3C4F}"
EndProject
Project("{FAE04EC0-301F-11D3-BF4B-00C04F79EFBC}") = "FormatCode", "FormatCode\FormatCode.csproj", "{D507599A-F019-46BF-A1CB-EC2C0C6990D7}"
EndProject
Project("{FAE04EC0-301F-11D3-BF4B-00C04F79EFBC}") = "CurrentDateAndTime", "CurrentDateAndTime\CurrentDateAndTime.csproj", "{1E9B49E2-4082-4442-B083-13D63DD5CB9D}"
EndProject
Project("{FAE04EC0-301F-11D3-BF4B-00C04F79EFBC}") = "Age", "Age\Age.csproj", "{7BE4737D-F813-463B-B345-864FBE2A523D}"
EndProject
Project("{FAE04EC0-301F-11D3-BF4B-00C04F79EFBC}") = "PrintLongSequence", "PrintLongSequence\PrintLongSequence.csproj", "{E7EFCFA7-9F83-4C57-9DE3-9CC545B4F027}"
EndProject
Project("{FAE04EC0-301F-11D3-BF4B-00C04F79EFBC}") = "PlayWithVSDebugger", "PlayWithVSDebugger\PlayWithVSDebugger.csproj", "{C13EA5E3-9445-472C-BAE7-56FEDE6E8132}"
EndProject
Project("{FAE04EC0-301F-11D3-BF4B-00C04F79EFBC}") = "IsoscelesTriangle", "IsoscelesTriangle\IsoscelesTriangle.csproj", "{EA86DF5F-5C7E-4010-B4FD-076E939BD457}"
EndProject
Global
	GlobalSection(SolutionConfigurationPlatforms) = preSolution
		Debug|Any CPU = Debug|Any CPU
		Release|Any CPU = Release|Any CPU
	EndGlobalSection
	GlobalSection(ProjectConfigurationPlatforms) = postSolution
		{5440D4CA-EA8D-47CE-8E69-2196E4DF022A}.Debug|Any CPU.ActiveCfg = Debug|Any CPU
		{5440D4CA-EA8D-47CE-8E69-2196E4DF022A}.Debug|Any CPU.Build.0 = Debug|Any CPU
		{5440D4CA-EA8D-47CE-8E69-2196E4DF022A}.Release|Any CPU.ActiveCfg = Release|Any CPU
		{5440D4CA-EA8D-47CE-8E69-2196E4DF022A}.Release|Any CPU.Build.0 = Release|Any CPU
		{036C6B7A-045F-4FEB-9C6F-3C23593FE186}.Debug|Any CPU.ActiveCfg = Debug|Any CPU
		{036C6B7A-045F-4FEB-9C6F-3C23593FE186}.Debug|Any CPU.Build.0 = Debug|Any CPU
		{036C6B7A-045F-4FEB-9C6F-3C23593FE186}.Release|Any CPU.ActiveCfg = Release|Any CPU
		{036C6B7A-045F-4FEB-9C6F-3C23593FE186}.Release|Any CPU.Build.0 = Release|Any CPU
		{4C678657-EF08-4F01-9857-CD1F9EE6BA70}.Debug|Any CPU.ActiveCfg = Debug|Any CPU
		{4C678657-EF08-4F01-9857-CD1F9EE6BA70}.Debug|Any CPU.Build.0 = Debug|Any CPU
		{4C678657-EF08-4F01-9857-CD1F9EE6BA70}.Release|Any CPU.ActiveCfg = Release|Any CPU
		{4C678657-EF08-4F01-9857-CD1F9EE6BA70}.Release|Any CPU.Build.0 = Release|Any CPU
		{16CAAA28-6743-4FAB-A62B-392A9B408F85}.Debug|Any CPU.ActiveCfg = Debug|Any CPU
		{16CAAA28-6743-4FAB-A62B-392A9B408F85}.Debug|Any CPU.Build.0 = Debug|Any CPU
		{16CAAA28-6743-4FAB-A62B-392A9B408F85}.Release|Any CPU.ActiveCfg = Release|Any CPU
		{16CAAA28-6743-4FAB-A62B-392A9B408F85}.Release|Any CPU.Build.0 = Release|Any CPU
		{95BE42A0-9EC5-4581-881A-A2CF59BF1C52}.Debug|Any CPU.ActiveCfg = Debug|Any CPU
		{95BE42A0-9EC5-4581-881A-A2CF59BF1C52}.Debug|Any CPU.Build.0 = Debug|Any CPU
		{95BE42A0-9EC5-4581-881A-A2CF59BF1C52}.Release|Any CPU.ActiveCfg = Release|Any CPU
		{95BE42A0-9EC5-4581-881A-A2CF59BF1C52}.Release|Any CPU.Build.0 = Release|Any CPU
		{AC592C6D-1572-48EC-AB04-D3CBD94E3C4F}.Debug|Any CPU.ActiveCfg = Debug|Any CPU
		{AC592C6D-1572-48EC-AB04-D3CBD94E3C4F}.Debug|Any CPU.Build.0 = Debug|Any CPU
		{AC592C6D-1572-48EC-AB04-D3CBD94E3C4F}.Release|Any CPU.ActiveCfg = Release|Any CPU
		{AC592C6D-1572-48EC-AB04-D3CBD94E3C4F}.Release|Any CPU.Build.0 = Release|Any CPU
		{D507599A-F019-46BF-A1CB-EC2C0C6990D7}.Debug|Any CPU.ActiveCfg = Debug|Any CPU
		{D507599A-F019-46BF-A1CB-EC2C0C6990D7}.Debug|Any CPU.Build.0 = Debug|Any CPU
		{D507599A-F019-46BF-A1CB-EC2C0C6990D7}.Release|Any CPU.ActiveCfg = Release|Any CPU
		{D507599A-F019-46BF-A1CB-EC2C0C6990D7}.Release|Any CPU.Build.0 = Release|Any CPU
		{1E9B49E2-4082-4442-B083-13D63DD5CB9D}.Debug|Any CPU.ActiveCfg = Debug|Any CPU
		{1E9B49E2-4082-4442-B083-13D63DD5CB9D}.Debug|Any CPU.Build.0 = Debug|Any CPU
		{1E9B49E2-4082-4442-B083-13D63DD5CB9D}.Release|Any CPU.ActiveCfg = Release|Any CPU
		{1E9B49E2-4082-4442-B083-13D63DD5CB9D}.Release|Any CPU.Build.0 = Release|Any CPU
		{7BE4737D-F813-463B-B345-864FBE2A523D}.Debug|Any CPU.ActiveCfg = Debug|Any CPU
		{7BE4737D-F813-463B-B345-864FBE2A523D}.Debug|Any CPU.Build.0 = Debug|Any CPU
		{7BE4737D-F813-463B-B345-864FBE2A523D}.Release|Any CPU.ActiveCfg = Release|Any CPU
		{7BE4737D-F813-463B-B345-864FBE2A523D}.Release|Any CPU.Build.0 = Release|Any CPU
		{E7EFCFA7-9F83-4C57-9DE3-9CC545B4F027}.Debug|Any CPU.ActiveCfg = Debug|Any CPU
		{E7EFCFA7-9F83-4C57-9DE3-9CC545B4F027}.Debug|Any CPU.Build.0 = Debug|Any CPU
		{E7EFCFA7-9F83-4C57-9DE3-9CC545B4F027}.Release|Any CPU.ActiveCfg = Release|Any CPU
		{E7EFCFA7-9F83-4C57-9DE3-9CC545B4F027}.Release|Any CPU.Build.0 = Release|Any CPU
		{C13EA5E3-9445-472C-BAE7-56FEDE6E8132}.Debug|Any CPU.ActiveCfg = Debug|Any CPU
		{C13EA5E3-9445-472C-BAE7-56FEDE6E8132}.Debug|Any CPU.Build.0 = Debug|Any CPU
		{C13EA5E3-9445-472C-BAE7-56FEDE6E8132}.Release|Any CPU.ActiveCfg = Release|Any CPU
		{C13EA5E3-9445-472C-BAE7-56FEDE6E8132}.Release|Any CPU.Build.0 = Release|Any CPU
		{EA86DF5F-5C7E-4010-B4FD-076E939BD457}.Debug|Any CPU.ActiveCfg = Debug|Any CPU
		{EA86DF5F-5C7E-4010-B4FD-076E939BD457}.Debug|Any CPU.Build.0 = Debug|Any CPU
		{EA86DF5F-5C7E-4010-B4FD-076E939BD457}.Release|Any CPU.ActiveCfg = Release|Any CPU
		{EA86DF5F-5C7E-4010-B4FD-076E939BD457}.Release|Any CPU.Build.0 = Release|Any CPU
	EndGlobalSection
	GlobalSection(SolutionProperties) = preSolution
		HideSolutionNode = FALSE
	EndGlobalSection
EndGlobal
